// !$*UTF8*$!
{
	archiveVersion = 1;
	classes = {
	};
	objectVersion = 46;
	objects = {

/* Begin PBXBuildFile section */
		ABAB57E2193E7B0800DF43D1 /* AppDelegate.swift in Sources */ = {isa = PBXBuildFile; fileRef = ABAB57E1193E7B0800DF43D1 /* AppDelegate.swift */; };
		ABAB57E4193E7B0800DF43D1 /* ViewController.swift in Sources */ = {isa = PBXBuildFile; fileRef = ABAB57E3193E7B0800DF43D1 /* ViewController.swift */; };
		ABAB57E7193E7B0800DF43D1 /* Main.storyboard in Resources */ = {isa = PBXBuildFile; fileRef = ABAB57E5193E7B0800DF43D1 /* Main.storyboard */; };
		ABAB57E9193E7B0800DF43D1 /* Images.xcassets in Resources */ = {isa = PBXBuildFile; fileRef = ABAB57E8193E7B0800DF43D1 /* Images.xcassets */; };
		ABAB57F5193E7B0800DF43D1 /* SimpleCalcTests.swift in Sources */ = {isa = PBXBuildFile; fileRef = ABAB57F4193E7B0800DF43D1 /* SimpleCalcTests.swift */; };
/* End PBXBuildFile section */

/* Begin PBXContainerItemProxy section */
		ABAB57EF193E7B0800DF43D1 /* PBXContainerItemProxy */ = {
			isa = PBXContainerItemProxy;
			containerPortal = ABAB57D4193E7B0800DF43D1 /* Project object */;
			proxyType = 1;
			remoteGlobalIDString = ABAB57DB193E7B0800DF43D1;
			remoteInfo = SimpleCalc;
		};
/* End PBXContainerItemProxy section */

/* Begin PBXFileReference section */
		ABAB57DC193E7B0800DF43D1 /* SimpleCalc.app */ = {isa = PBXFileReference; explicitFileType = wrapper.application; includeInIndex = 0; path = SimpleCalc.app; sourceTree = BUILT_PRODUCTS_DIR; };
		ABAB57E0193E7B0800DF43D1 /* Info.plist */ = {isa = PBXFileReference; lastKnownFileType = text.plist.xml; path = Info.plist; sourceTree = "<group>"; };
		ABAB57E1193E7B0800DF43D1 /* AppDelegate.swift */ = {isa = PBXFileReference; lastKnownFileType = sourcecode.swift; path = AppDelegate.swift; sourceTree = "<group>"; };
		ABAB57E3193E7B0800DF43D1 /* ViewController.swift */ = {isa = PBXFileReference; lastKnownFileType = sourcecode.swift; path = ViewController.swift; sourceTree = "<group>"; };
		ABAB57E6193E7B0800DF43D1 /* Base */ = {isa = PBXFileReference; lastKnownFileType = file.storyboard; name = Base; path = Base.lproj/Main.storyboard; sourceTree = "<group>"; };
		ABAB57E8193E7B0800DF43D1 /* Images.xcassets */ = {isa = PBXFileReference; lastKnownFileType = folder.assetcatalog; path = Images.xcassets; sourceTree = "<group>"; };
		ABAB57EE193E7B0800DF43D1 /* SimpleCalcTests.xctest */ = {isa = PBXFileReference; explicitFileType = wrapper.cfbundle; includeInIndex = 0; path = SimpleCalcTests.xctest; sourceTree = BUILT_PRODUCTS_DIR; };
		ABAB57F3193E7B0800DF43D1 /* Info.plist */ = {isa = PBXFileReference; lastKnownFileType = text.plist.xml; path = Info.plist; sourceTree = "<group>"; };
		ABAB57F4193E7B0800DF43D1 /* SimpleCalcTests.swift */ = {isa = PBXFileReference; lastKnownFileType = sourcecode.swift; path = SimpleCalcTests.swift; sourceTree = "<group>"; };
/* End PBXFileReference section */

/* Begin PBXFrameworksBuildPhase section */
		ABAB57D9193E7B0800DF43D1 /* Frameworks */ = {
			isa = PBXFrameworksBuildPhase;
			buildActionMask = 2147483647;
			files = (
			);
			runOnlyForDeploymentPostprocessing = 0;
		};
		ABAB57EB193E7B0800DF43D1 /* Frameworks */ = {
			isa = PBXFrameworksBuildPhase;
			buildActionMask = 2147483647;
			files = (
			);
			runOnlyForDeploymentPostprocessing = 0;
		};
/* End PBXFrameworksBuildPhase section */

/* Begin PBXGroup section */
		ABAB57D3193E7B0800DF43D1 = {
			isa = PBXGroup;
			children = (
				ABAB57DE193E7B0800DF43D1 /* SimpleCalc */,
				ABAB57F1193E7B0800DF43D1 /* SimpleCalcTests */,
				ABAB57DD193E7B0800DF43D1 /* Products */,
			);
			sourceTree = "<group>";
		};
		ABAB57DD193E7B0800DF43D1 /* Products */ = {
			isa = PBXGroup;
			children = (
				ABAB57DC193E7B0800DF43D1 /* SimpleCalc.app */,
				ABAB57EE193E7B0800DF43D1 /* SimpleCalcTests.xctest */,
			);
			name = Products;
			sourceTree = "<group>";
		};
		ABAB57DE193E7B0800DF43D1 /* SimpleCalc */ = {
			isa = PBXGroup;
			children = (
				ABAB57E1193E7B0800DF43D1 /* AppDelegate.swift */,
				ABAB57E3193E7B0800DF43D1 /* ViewController.swift */,
				ABAB57E5193E7B0800DF43D1 /* Main.storyboard */,
				ABAB57E8193E7B0800DF43D1 /* Images.xcassets */,
				ABAB57DF193E7B0800DF43D1 /* Supporting Files */,
			);
			path = SimpleCalc;
			sourceTree = "<group>";
		};
		ABAB57DF193E7B0800DF43D1 /* Supporting Files */ = {
			isa = PBXGroup;
			children = (
				ABAB57E0193E7B0800DF43D1 /* Info.plist */,
			);
			name = "Supporting Files";
			sourceTree = "<group>";
		};
		ABAB57F1193E7B0800DF43D1 /* SimpleCalcTests */ = {
			isa = PBXGroup;
			children = (
				ABAB57F4193E7B0800DF43D1 /* SimpleCalcTests.swift */,
				ABAB57F2193E7B0800DF43D1 /* Supporting Files */,
			);
			path = SimpleCalcTests;
			sourceTree = "<group>";
		};
		ABAB57F2193E7B0800DF43D1 /* Supporting Files */ = {
			isa = PBXGroup;
			children = (
				ABAB57F3193E7B0800DF43D1 /* Info.plist */,
			);
			name = "Supporting Files";
			sourceTree = "<group>";
		};
/* End PBXGroup section */

/* Begin PBXNativeTarget section */
		ABAB57DB193E7B0800DF43D1 /* SimpleCalc */ = {
			isa = PBXNativeTarget;
			buildConfigurationList = ABAB57F8193E7B0800DF43D1 /* Build configuration list for PBXNativeTarget "SimpleCalc" */;
			buildPhases = (
				ABAB57D8193E7B0800DF43D1 /* Sources */,
				ABAB57D9193E7B0800DF43D1 /* Frameworks */,
				ABAB57DA193E7B0800DF43D1 /* Resources */,
			);
			buildRules = (
			);
			dependencies = (
			);
			name = SimpleCalc;
			productName = SimpleCalc;
			productReference = ABAB57DC193E7B0800DF43D1 /* SimpleCalc.app */;
			productType = "com.apple.product-type.application";
		};
		ABAB57ED193E7B0800DF43D1 /* SimpleCalcTests */ = {
			isa = PBXNativeTarget;
			buildConfigurationList = ABAB57FB193E7B0800DF43D1 /* Build configuration list for PBXNativeTarget "SimpleCalcTests" */;
			buildPhases = (
				ABAB57EA193E7B0800DF43D1 /* Sources */,
				ABAB57EB193E7B0800DF43D1 /* Frameworks */,
				ABAB57EC193E7B0800DF43D1 /* Resources */,
			);
			buildRules = (
			);
			dependencies = (
				ABAB57F0193E7B0800DF43D1 /* PBXTargetDependency */,
			);
			name = SimpleCalcTests;
			productName = SimpleCalcTests;
			productReference = ABAB57EE193E7B0800DF43D1 /* SimpleCalcTests.xctest */;
			productType = "com.apple.product-type.bundle.unit-test";
		};
/* End PBXNativeTarget section */

/* Begin PBXProject section */
		ABAB57D4193E7B0800DF43D1 /* Project object */ = {
			isa = PBXProject;
			attributes = {
				LastUpgradeCheck = 0600;
				ORGANIZATIONNAME = "Rukmal Weerawarana";
				TargetAttributes = {
					ABAB57DB193E7B0800DF43D1 = {
						CreatedOnToolsVersion = 6.0;
					};
					ABAB57ED193E7B0800DF43D1 = {
						CreatedOnToolsVersion = 6.0;
						TestTargetID = ABAB57DB193E7B0800DF43D1;
					};
				};
			};
			buildConfigurationList = ABAB57D7193E7B0800DF43D1 /* Build configuration list for PBXProject "SimpleCalc" */;
			compatibilityVersion = "Xcode 3.2";
			developmentRegion = English;
			hasScannedForEncodings = 0;
			knownRegions = (
				en,
				Base,
			);
			mainGroup = ABAB57D3193E7B0800DF43D1;
			productRefGroup = ABAB57DD193E7B0800DF43D1 /* Products */;
			projectDirPath = "";
			projectRoot = "";
			targets = (
				ABAB57DB193E7B0800DF43D1 /* SimpleCalc */,
				ABAB57ED193E7B0800DF43D1 /* SimpleCalcTests */,
			);
		};
/* End PBXProject section */

/* Begin PBXResourcesBuildPhase section */
		ABAB57DA193E7B0800DF43D1 /* Resources */ = {
			isa = PBXResourcesBuildPhase;
			buildActionMask = 2147483647;
			files = (
				ABAB57E7193E7B0800DF43D1 /* Main.storyboard in Resources */,
				ABAB57E9193E7B0800DF43D1 /* Images.xcassets in Resources */,
			);
			runOnlyForDeploymentPostprocessing = 0;
		};
		ABAB57EC193E7B0800DF43D1 /* Resources */ = {
			isa = PBXResourcesBuildPhase;
			buildActionMask = 2147483647;
			files = (
			);
			runOnlyForDeploymentPostprocessing = 0;
		};
/* End PBXResourcesBuildPhase section */

/* Begin PBXSourcesBuildPhase section */
		ABAB57D8193E7B0800DF43D1 /* Sources */ = {
			isa = PBXSourcesBuildPhase;
			buildActionMask = 2147483647;
			files = (
				ABAB57E4193E7B0800DF43D1 /* ViewController.swift in Sources */,
				ABAB57E2193E7B0800DF43D1 /* AppDelegate.swift in Sources */,
			);
			runOnlyForDeploymentPostprocessing = 0;
		};
		ABAB57EA193E7B0800DF43D1 /* Sources */ = {
			isa = PBXSourcesBuildPhase;
			buildActionMask = 2147483647;
			files = (
				ABAB57F5193E7B0800DF43D1 /* SimpleCalcTests.swift in Sources */,
			);
			runOnlyForDeploymentPostprocessing = 0;
		};
/* End PBXSourcesBuildPhase section */

/* Begin PBXTargetDependency section */
		ABAB57F0193E7B0800DF43D1 /* PBXTargetDependency */ = {
			isa = PBXTargetDependency;
			target = ABAB57DB193E7B0800DF43D1 /* SimpleCalc */;
			targetProxy = ABAB57EF193E7B0800DF43D1 /* PBXContainerItemProxy */;
		};
/* End PBXTargetDependency section */

/* Begin PBXVariantGroup section */
		ABAB57E5193E7B0800DF43D1 /* Main.storyboard */ = {
			isa = PBXVariantGroup;
			children = (
				ABAB57E6193E7B0800DF43D1 /* Base */,
			);
			name = Main.storyboard;
			sourceTree = "<group>";
		};
/* End PBXVariantGroup section */

/* Begin XCBuildConfiguration section */
		ABAB57F6193E7B0800DF43D1 /* Debug */ = {
			isa = XCBuildConfiguration;
			buildSettings = {
				ALWAYS_SEARCH_USER_PATHS = NO;
				CLANG_CXX_LANGUAGE_STANDARD = "gnu++0x";
				CLANG_CXX_LIBRARY = "libc++";
				CLANG_ENABLE_MODULES = YES;
				CLANG_ENABLE_OBJC_ARC = YES;
				CLANG_WARN_BOOL_CONVERSION = YES;
				CLANG_WARN_CONSTANT_CONVERSION = YES;
				CLANG_WARN_DIRECT_OBJC_ISA_USAGE = YES_ERROR;
				CLANG_WARN_EMPTY_BODY = YES;
				CLANG_WARN_ENUM_CONVERSION = YES;
				CLANG_WARN_INT_CONVERSION = YES;
				CLANG_WARN_OBJC_ROOT_CLASS = YES_ERROR;
				CLANG_WARN_UNREACHABLE_CODE = YES;
				CLANG_WARN__DUPLICATE_METHOD_MATCH = YES;
				"CODE_SIGN_IDENTITY[sdk=iphoneos*]" = "iPhone Developer";
				COPY_PHASE_STRIP = NO;
				ENABLE_STRICT_OBJC_MSGSEND = YES;
				GCC_C_LANGUAGE_STANDARD = gnu99;
				GCC_DYNAMIC_NO_PIC = NO;
				GCC_OPTIMIZATION_LEVEL = 0;
				GCC_PREPROCESSOR_DEFINITIONS = (
					"DEBUG=1",
					"$(inherited)",
				);
				GCC_SYMBOLS_PRIVATE_EXTERN = NO;
				GCC_WARN_64_TO_32_BIT_CONVERSION = YES;
				GCC_WARN_ABOUT_RETURN_TYPE = YES_ERROR;
				GCC_WARN_UNDECLARED_SELECTOR = YES;
				GCC_WARN_UNINITIALIZED_AUTOS = YES_AGGRESSIVE;
				GCC_WARN_UNUSED_FUNCTION = YES;
				GCC_WARN_UNUSED_VARIABLE = YES;
				IPHONEOS_DEPLOYMENT_TARGET = 8.0;
				METAL_ENABLE_DEBUG_INFO = YES;
				ONLY_ACTIVE_ARCH = YES;
				SDKROOT = iphoneos;
				SWIFT_OPTIMIZATION_LEVEL = "-Onone";
			};
			name = Debug;
		};
		ABAB57F7193E7B0800DF43D1 /* Release */ = {
			isa = XCBuildConfiguration;
			buildSettings = {
				ALWAYS_SEARCH_USER_PATHS = NO;
				CLANG_CXX_LANGUAGE_STANDARD = "gnu++0x";
				CLANG_CXX_LIBRARY = "libc++";
				CLANG_ENABLE_MODULES = YES;
				CLANG_ENABLE_OBJC_ARC = YES;
				CLANG_WARN_BOOL_CONVERSION = YES;
				CLANG_WARN_CONSTANT_CONVERSION = YES;
				CLANG_WARN_DIRECT_OBJC_ISA_USAGE = YES_ERROR;
				CLANG_WARN_EMPTY_BODY = YES;
				CLANG_WARN_ENUM_CONVERSION = YES;
				CLANG_WARN_INT_CONVERSION = YES;
				CLANG_WARN_OBJC_ROOT_CLASS = YES_ERROR;
				CLANG_WARN_UNREACHABLE_CODE = YES;
				CLANG_WARN__DUPLICATE_METHOD_MATCH = YES;
				"CODE_SIGN_IDENTITY[sdk=iphoneos*]" = "iPhone Developer";
				COPY_PHASE_STRIP = YES;
				ENABLE_NS_ASSERTIONS = NO;
				ENABLE_STRICT_OBJC_MSGSEND = YES;
				GCC_C_LANGUAGE_STANDARD = gnu99;
				GCC_WARN_64_TO_32_BIT_CONVERSION = YES;
				GCC_WARN_ABOUT_RETURN_TYPE = YES_ERROR;
				GCC_WARN_UNDECLARED_SELECTOR = YES;
				GCC_WARN_UNINITIALIZED_AUTOS = YES_AGGRESSIVE;
				GCC_WARN_UNUSED_FUNCTION = YES;
				GCC_WARN_UNUSED_VARIABLE = YES;
				IPHONEOS_DEPLOYMENT_TARGET = 8.0;
				METAL_ENABLE_DEBUG_INFO = NO;
				SDKROOT = iphoneos;
				VALIDATE_PRODUCT = YES;
			};
			name = Release;
		};
		ABAB57F9193E7B0800DF43D1 /* Debug */ = {
			isa = XCBuildConfiguration;
			buildSettings = {
				ASSETCATALOG_COMPILER_APPICON_NAME = AppIcon;
				ASSETCATALOG_COMPILER_LAUNCHIMAGE_NAME = LaunchImage;
				INFOPLIST_FILE = SimpleCalc/Info.plist;
				IPHONEOS_DEPLOYMENT_TARGET = 8.0;
				LD_RUNPATH_SEARCH_PATHS = "$(inherited) @executable_path/Frameworks";
				PRODUCT_NAME = "$(TARGET_NAME)";
			};
			name = Debug;
		};
		ABAB57FA193E7B0800DF43D1 /* Release */ = {
			isa = XCBuildConfiguration;
			buildSettings = {
				ASSETCATALOG_COMPILER_APPICON_NAME = AppIcon;
				ASSETCATALOG_COMPILER_LAUNCHIMAGE_NAME = LaunchImage;
				INFOPLIST_FILE = SimpleCalc/Info.plist;
				IPHONEOS_DEPLOYMENT_TARGET = 8.0;
				LD_RUNPATH_SEARCH_PATHS = "$(inherited) @executable_path/Frameworks";
				PRODUCT_NAME = "$(TARGET_NAME)";
			};
			name = Release;
		};
		ABAB57FC193E7B0800DF43D1 /* Debug */ = {
			isa = XCBuildConfiguration;
			buildSettings = {
				BUNDLE_LOADER = "$(BUILT_PRODUCTS_DIR)/SimpleCalc.app/SimpleCalc";
				FRAMEWORK_SEARCH_PATHS = (
					"$(SDKROOT)/Developer/Library/Frameworks",
					"$(inherited)",
				);
				GCC_PREPROCESSOR_DEFINITIONS = (
					"DEBUG=1",
					"$(inherited)",
				);
				INFOPLIST_FILE = SimpleCalcTests/Info.plist;
				LD_RUNPATH_SEARCH_PATHS = "$(inherited) @executable_path/Frameworks @loader_path/Frameworks";
				METAL_ENABLE_DEBUG_INFO = YES;
				PRODUCT_NAME = "$(TARGET_NAME)";
				TEST_HOST = "$(BUNDLE_LOADER)";
			};
			name = Debug;
		};
		ABAB57FD193E7B0800DF43D1 /* Release */ = {
			isa = XCBuildConfiguration;
			buildSettings = {
				BUNDLE_LOADER = "$(BUILT_PRODUCTS_DIR)/SimpleCalc.app/SimpleCalc";
				FRAMEWORK_SEARCH_PATHS = (
					"$(SDKROOT)/Developer/Library/Frameworks",
					"$(inherited)",
				);
				INFOPLIST_FILE = SimpleCalcTests/Info.plist;
				LD_RUNPATH_SEARCH_PATHS = "$(inherited) @executable_path/Frameworks @loader_path/Frameworks";
				METAL_ENABLE_DEBUG_INFO = NO;
				PRODUCT_NAME = "$(TARGET_NAME)";
				TEST_HOST = "$(BUNDLE_LOADER)";
			};
			name = Release;
		};
/* End XCBuildConfiguration section */

/* Begin XCConfigurationList section */
		ABAB57D7193E7B0800DF43D1 /* Build configuration list for PBXProject "SimpleCalc" */ = {
			isa = XCConfigurationList;
			buildConfigurations = (
				ABAB57F6193E7B0800DF43D1 /* Debug */,
				ABAB57F7193E7B0800DF43D1 /* Release */,
			);
			defaultConfigurationIsVisible = 0;
			defaultConfigurationName = Release;
		};
		ABAB57F8193E7B0800DF43D1 /* Build configuration list for PBXNativeTarget "SimpleCalc" */ = {
			isa = XCConfigurationList;
			buildConfigurations = (
				ABAB57F9193E7B0800DF43D1 /* Debug */,
				ABAB57FA193E7B0800DF43D1 /* Release */,
			);
			defaultConfigurationIsVisible = 0;
		};
		ABAB57FB193E7B0800DF43D1 /* Build configuration list for PBXNativeTarget "SimpleCalcTests" */ = {
			isa = XCConfigurationList;
			buildConfigurations = (
				ABAB57FC193E7B0800DF43D1 /* Debug */,
				ABAB57FD193E7B0800DF43D1 /* Release */,
			);
			defaultConfigurationIsVisible = 0;
		};
/* End XCConfigurationList section */
	};
	rootObject = ABAB57D4193E7B0800DF43D1 /* Project object */;
}
