// !$*UTF8*$!
{
	archiveVersion = 1;
	classes = {
	};
	objectVersion = 46;
	objects = {

/* Begin PBXBuildFile section */
		ABB52EF319232068006B58E0 /* Foundation.framework in Frameworks */ = {isa = PBXBuildFile; fileRef = ABB52EF219232068006B58E0 /* Foundation.framework */; };
		ABB52EF519232068006B58E0 /* CoreGraphics.framework in Frameworks */ = {isa = PBXBuildFile; fileRef = ABB52EF419232068006B58E0 /* CoreGraphics.framework */; };
		ABB52EF719232068006B58E0 /* UIKit.framework in Frameworks */ = {isa = PBXBuildFile; fileRef = ABB52EF619232068006B58E0 /* UIKit.framework */; };
		ABB52EFD19232068006B58E0 /* InfoPlist.strings in Resources */ = {isa = PBXBuildFile; fileRef = ABB52EFB19232068006B58E0 /* InfoPlist.strings */; };
		ABB52EFF19232068006B58E0 /* main.m in Sources */ = {isa = PBXBuildFile; fileRef = ABB52EFE19232068006B58E0 /* main.m */; };
		ABB52F0319232068006B58E0 /* RWAppDelegate.m in Sources */ = {isa = PBXBuildFile; fileRef = ABB52F0219232068006B58E0 /* RWAppDelegate.m */; };
		ABB52F0519232068006B58E0 /* Images.xcassets in Resources */ = {isa = PBXBuildFile; fileRef = ABB52F0419232068006B58E0 /* Images.xcassets */; };
		ABB52F0C19232068006B58E0 /* XCTest.framework in Frameworks */ = {isa = PBXBuildFile; fileRef = ABB52F0B19232068006B58E0 /* XCTest.framework */; };
		ABB52F0D19232068006B58E0 /* Foundation.framework in Frameworks */ = {isa = PBXBuildFile; fileRef = ABB52EF219232068006B58E0 /* Foundation.framework */; };
		ABB52F0E19232068006B58E0 /* UIKit.framework in Frameworks */ = {isa = PBXBuildFile; fileRef = ABB52EF619232068006B58E0 /* UIKit.framework */; };
		ABB52F1619232068006B58E0 /* InfoPlist.strings in Resources */ = {isa = PBXBuildFile; fileRef = ABB52F1419232068006B58E0 /* InfoPlist.strings */; };
		ABB52F1819232068006B58E0 /* HelloWorldTests.m in Sources */ = {isa = PBXBuildFile; fileRef = ABB52F1719232068006B58E0 /* HelloWorldTests.m */; };
/* End PBXBuildFile section */

/* Begin PBXContainerItemProxy section */
		ABB52F0F19232068006B58E0 /* PBXContainerItemProxy */ = {
			isa = PBXContainerItemProxy;
			containerPortal = ABB52EE719232068006B58E0 /* Project object */;
			proxyType = 1;
			remoteGlobalIDString = ABB52EEE19232068006B58E0;
			remoteInfo = HelloWorld;
		};
/* End PBXContainerItemProxy section */

/* Begin PBXFileReference section */
		ABB52EEF19232068006B58E0 /* HelloWorld.app */ = {isa = PBXFileReference; explicitFileType = wrapper.application; includeInIndex = 0; path = HelloWorld.app; sourceTree = BUILT_PRODUCTS_DIR; };
		ABB52EF219232068006B58E0 /* Foundation.framework */ = {isa = PBXFileReference; lastKnownFileType = wrapper.framework; name = Foundation.framework; path = System/Library/Frameworks/Foundation.framework; sourceTree = SDKROOT; };
		ABB52EF419232068006B58E0 /* CoreGraphics.framework */ = {isa = PBXFileReference; lastKnownFileType = wrapper.framework; name = CoreGraphics.framework; path = System/Library/Frameworks/CoreGraphics.framework; sourceTree = SDKROOT; };
		ABB52EF619232068006B58E0 /* UIKit.framework */ = {isa = PBXFileReference; lastKnownFileType = wrapper.framework; name = UIKit.framework; path = System/Library/Frameworks/UIKit.framework; sourceTree = SDKROOT; };
		ABB52EFA19232068006B58E0 /* HelloWorld-Info.plist */ = {isa = PBXFileReference; lastKnownFileType = text.plist.xml; path = "HelloWorld-Info.plist"; sourceTree = "<group>"; };
		ABB52EFC19232068006B58E0 /* en */ = {isa = PBXFileReference; lastKnownFileType = text.plist.strings; name = en; path = en.lproj/InfoPlist.strings; sourceTree = "<group>"; };
		ABB52EFE19232068006B58E0 /* main.m */ = {isa = PBXFileReference; lastKnownFileType = sourcecode.c.objc; path = main.m; sourceTree = "<group>"; };
		ABB52F0019232068006B58E0 /* HelloWorld-Prefix.pch */ = {isa = PBXFileReference; lastKnownFileType = sourcecode.c.h; path = "HelloWorld-Prefix.pch"; sourceTree = "<group>"; };
		ABB52F0119232068006B58E0 /* RWAppDelegate.h */ = {isa = PBXFileReference; lastKnownFileType = sourcecode.c.h; path = RWAppDelegate.h; sourceTree = "<group>"; };
		ABB52F0219232068006B58E0 /* RWAppDelegate.m */ = {isa = PBXFileReference; lastKnownFileType = sourcecode.c.objc; path = RWAppDelegate.m; sourceTree = "<group>"; };
		ABB52F0419232068006B58E0 /* Images.xcassets */ = {isa = PBXFileReference; lastKnownFileType = folder.assetcatalog; path = Images.xcassets; sourceTree = "<group>"; };
		ABB52F0A19232068006B58E0 /* HelloWorldTests.xctest */ = {isa = PBXFileReference; explicitFileType = wrapper.cfbundle; includeInIndex = 0; path = HelloWorldTests.xctest; sourceTree = BUILT_PRODUCTS_DIR; };
		ABB52F0B19232068006B58E0 /* XCTest.framework */ = {isa = PBXFileReference; lastKnownFileType = wrapper.framework; name = XCTest.framework; path = Library/Frameworks/XCTest.framework; sourceTree = DEVELOPER_DIR; };
		ABB52F1319232068006B58E0 /* HelloWorldTests-Info.plist */ = {isa = PBXFileReference; lastKnownFileType = text.plist.xml; path = "HelloWorldTests-Info.plist"; sourceTree = "<group>"; };
		ABB52F1519232068006B58E0 /* en */ = {isa = PBXFileReference; lastKnownFileType = text.plist.strings; name = en; path = en.lproj/InfoPlist.strings; sourceTree = "<group>"; };
		ABB52F1719232068006B58E0 /* HelloWorldTests.m */ = {isa = PBXFileReference; lastKnownFileType = sourcecode.c.objc; path = HelloWorldTests.m; sourceTree = "<group>"; };
/* End PBXFileReference section */

/* Begin PBXFrameworksBuildPhase section */
		ABB52EEC19232068006B58E0 /* Frameworks */ = {
			isa = PBXFrameworksBuildPhase;
			buildActionMask = 2147483647;
			files = (
				ABB52EF519232068006B58E0 /* CoreGraphics.framework in Frameworks */,
				ABB52EF719232068006B58E0 /* UIKit.framework in Frameworks */,
				ABB52EF319232068006B58E0 /* Foundation.framework in Frameworks */,
			);
			runOnlyForDeploymentPostprocessing = 0;
		};
		ABB52F0719232068006B58E0 /* Frameworks */ = {
			isa = PBXFrameworksBuildPhase;
			buildActionMask = 2147483647;
			files = (
				ABB52F0C19232068006B58E0 /* XCTest.framework in Frameworks */,
				ABB52F0E19232068006B58E0 /* UIKit.framework in Frameworks */,
				ABB52F0D19232068006B58E0 /* Foundation.framework in Frameworks */,
			);
			runOnlyForDeploymentPostprocessing = 0;
		};
/* End PBXFrameworksBuildPhase section */

/* Begin PBXGroup section */
		ABB52EE619232068006B58E0 = {
			isa = PBXGroup;
			children = (
				ABB52EF819232068006B58E0 /* HelloWorld */,
				ABB52F1119232068006B58E0 /* HelloWorldTests */,
				ABB52EF119232068006B58E0 /* Frameworks */,
				ABB52EF019232068006B58E0 /* Products */,
			);
			sourceTree = "<group>";
		};
		ABB52EF019232068006B58E0 /* Products */ = {
			isa = PBXGroup;
			children = (
				ABB52EEF19232068006B58E0 /* HelloWorld.app */,
				ABB52F0A19232068006B58E0 /* HelloWorldTests.xctest */,
			);
			name = Products;
			sourceTree = "<group>";
		};
		ABB52EF119232068006B58E0 /* Frameworks */ = {
			isa = PBXGroup;
			children = (
				ABB52EF219232068006B58E0 /* Foundation.framework */,
				ABB52EF419232068006B58E0 /* CoreGraphics.framework */,
				ABB52EF619232068006B58E0 /* UIKit.framework */,
				ABB52F0B19232068006B58E0 /* XCTest.framework */,
			);
			name = Frameworks;
			sourceTree = "<group>";
		};
		ABB52EF819232068006B58E0 /* HelloWorld */ = {
			isa = PBXGroup;
			children = (
				ABB52F0119232068006B58E0 /* RWAppDelegate.h */,
				ABB52F0219232068006B58E0 /* RWAppDelegate.m */,
				ABB52F0419232068006B58E0 /* Images.xcassets */,
				ABB52EF919232068006B58E0 /* Supporting Files */,
			);
			path = HelloWorld;
			sourceTree = "<group>";
		};
		ABB52EF919232068006B58E0 /* Supporting Files */ = {
			isa = PBXGroup;
			children = (
				ABB52EFA19232068006B58E0 /* HelloWorld-Info.plist */,
				ABB52EFB19232068006B58E0 /* InfoPlist.strings */,
				ABB52EFE19232068006B58E0 /* main.m */,
				ABB52F0019232068006B58E0 /* HelloWorld-Prefix.pch */,
			);
			name = "Supporting Files";
			sourceTree = "<group>";
		};
		ABB52F1119232068006B58E0 /* HelloWorldTests */ = {
			isa = PBXGroup;
			children = (
				ABB52F1719232068006B58E0 /* HelloWorldTests.m */,
				ABB52F1219232068006B58E0 /* Supporting Files */,
			);
			path = HelloWorldTests;
			sourceTree = "<group>";
		};
		ABB52F1219232068006B58E0 /* Supporting Files */ = {
			isa = PBXGroup;
			children = (
				ABB52F1319232068006B58E0 /* HelloWorldTests-Info.plist */,
				ABB52F1419232068006B58E0 /* InfoPlist.strings */,
			);
			name = "Supporting Files";
			sourceTree = "<group>";
		};
/* End PBXGroup section */

/* Begin PBXNativeTarget section */
		ABB52EEE19232068006B58E0 /* HelloWorld */ = {
			isa = PBXNativeTarget;
			buildConfigurationList = ABB52F1B19232068006B58E0 /* Build configuration list for PBXNativeTarget "HelloWorld" */;
			buildPhases = (
				ABB52EEB19232068006B58E0 /* Sources */,
				ABB52EEC19232068006B58E0 /* Frameworks */,
				ABB52EED19232068006B58E0 /* Resources */,
			);
			buildRules = (
			);
			dependencies = (
			);
			name = HelloWorld;
			productName = HelloWorld;
			productReference = ABB52EEF19232068006B58E0 /* HelloWorld.app */;
			productType = "com.apple.product-type.application";
		};
		ABB52F0919232068006B58E0 /* HelloWorldTests */ = {
			isa = PBXNativeTarget;
			buildConfigurationList = ABB52F1E19232068006B58E0 /* Build configuration list for PBXNativeTarget "HelloWorldTests" */;
			buildPhases = (
				ABB52F0619232068006B58E0 /* Sources */,
				ABB52F0719232068006B58E0 /* Frameworks */,
				ABB52F0819232068006B58E0 /* Resources */,
			);
			buildRules = (
			);
			dependencies = (
				ABB52F1019232068006B58E0 /* PBXTargetDependency */,
			);
			name = HelloWorldTests;
			productName = HelloWorldTests;
			productReference = ABB52F0A19232068006B58E0 /* HelloWorldTests.xctest */;
			productType = "com.apple.product-type.bundle.unit-test";
		};
/* End PBXNativeTarget section */

/* Begin PBXProject section */
		ABB52EE719232068006B58E0 /* Project object */ = {
			isa = PBXProject;
			attributes = {
				CLASSPREFIX = RW;
				LastUpgradeCheck = 0510;
				ORGANIZATIONNAME = "Rukmal Weerawarana";
				TargetAttributes = {
					ABB52F0919232068006B58E0 = {
						TestTargetID = ABB52EEE19232068006B58E0;
					};
				};
			};
			buildConfigurationList = ABB52EEA19232068006B58E0 /* Build configuration list for PBXProject "HelloWorld" */;
			compatibilityVersion = "Xcode 3.2";
			developmentRegion = English;
			hasScannedForEncodings = 0;
			knownRegions = (
				en,
			);
			mainGroup = ABB52EE619232068006B58E0;
			productRefGroup = ABB52EF019232068006B58E0 /* Products */;
			projectDirPath = "";
			projectRoot = "";
			targets = (
				ABB52EEE19232068006B58E0 /* HelloWorld */,
				ABB52F0919232068006B58E0 /* HelloWorldTests */,
			);
		};
/* End PBXProject section */

/* Begin PBXResourcesBuildPhase section */
		ABB52EED19232068006B58E0 /* Resources */ = {
			isa = PBXResourcesBuildPhase;
			buildActionMask = 2147483647;
			files = (
				ABB52EFD19232068006B58E0 /* InfoPlist.strings in Resources */,
				ABB52F0519232068006B58E0 /* Images.xcassets in Resources */,
			);
			runOnlyForDeploymentPostprocessing = 0;
		};
		ABB52F0819232068006B58E0 /* Resources */ = {
			isa = PBXResourcesBuildPhase;
			buildActionMask = 2147483647;
			files = (
				ABB52F1619232068006B58E0 /* InfoPlist.strings in Resources */,
			);
			runOnlyForDeploymentPostprocessing = 0;
		};
/* End PBXResourcesBuildPhase section */

/* Begin PBXSourcesBuildPhase section */
		ABB52EEB19232068006B58E0 /* Sources */ = {
			isa = PBXSourcesBuildPhase;
			buildActionMask = 2147483647;
			files = (
				ABB52EFF19232068006B58E0 /* main.m in Sources */,
				ABB52F0319232068006B58E0 /* RWAppDelegate.m in Sources */,
			);
			runOnlyForDeploymentPostprocessing = 0;
		};
		ABB52F0619232068006B58E0 /* Sources */ = {
			isa = PBXSourcesBuildPhase;
			buildActionMask = 2147483647;
			files = (
				ABB52F1819232068006B58E0 /* HelloWorldTests.m in Sources */,
			);
			runOnlyForDeploymentPostprocessing = 0;
		};
/* End PBXSourcesBuildPhase section */

/* Begin PBXTargetDependency section */
		ABB52F1019232068006B58E0 /* PBXTargetDependency */ = {
			isa = PBXTargetDependency;
			target = ABB52EEE19232068006B58E0 /* HelloWorld */;
			targetProxy = ABB52F0F19232068006B58E0 /* PBXContainerItemProxy */;
		};
/* End PBXTargetDependency section */

/* Begin PBXVariantGroup section */
		ABB52EFB19232068006B58E0 /* InfoPlist.strings */ = {
			isa = PBXVariantGroup;
			children = (
				ABB52EFC19232068006B58E0 /* en */,
			);
			name = InfoPlist.strings;
			sourceTree = "<group>";
		};
		ABB52F1419232068006B58E0 /* InfoPlist.strings */ = {
			isa = PBXVariantGroup;
			children = (
				ABB52F1519232068006B58E0 /* en */,
			);
			name = InfoPlist.strings;
			sourceTree = "<group>";
		};
/* End PBXVariantGroup section */

/* Begin XCBuildConfiguration section */
		ABB52F1919232068006B58E0 /* Debug */ = {
			isa = XCBuildConfiguration;
			buildSettings = {
				ALWAYS_SEARCH_USER_PATHS = NO;
				CLANG_CXX_LANGUAGE_STANDARD = "gnu++0x";
				CLANG_CXX_LIBRARY = "libc++";
				CLANG_ENABLE_MODULES = YES;
				CLANG_ENABLE_OBJC_ARC = YES;
				CLANG_WARN_BOOL_CONVERSION = YES;
				CLANG_WARN_CONSTANT_CONVERSION = YES;
				CLANG_WARN_DIRECT_OBJC_ISA_USAGE = YES_ERROR;
				CLANG_WARN_EMPTY_BODY = YES;
				CLANG_WARN_ENUM_CONVERSION = YES;
				CLANG_WARN_INT_CONVERSION = YES;
				CLANG_WARN_OBJC_ROOT_CLASS = YES_ERROR;
				CLANG_WARN__DUPLICATE_METHOD_MATCH = YES;
				"CODE_SIGN_IDENTITY[sdk=iphoneos*]" = "iPhone Developer";
				COPY_PHASE_STRIP = NO;
				GCC_C_LANGUAGE_STANDARD = gnu99;
				GCC_DYNAMIC_NO_PIC = NO;
				GCC_OPTIMIZATION_LEVEL = 0;
				GCC_PREPROCESSOR_DEFINITIONS = (
					"DEBUG=1",
					"$(inherited)",
				);
				GCC_SYMBOLS_PRIVATE_EXTERN = NO;
				GCC_WARN_64_TO_32_BIT_CONVERSION = YES;
				GCC_WARN_ABOUT_RETURN_TYPE = YES_ERROR;
				GCC_WARN_UNDECLARED_SELECTOR = YES;
				GCC_WARN_UNINITIALIZED_AUTOS = YES_AGGRESSIVE;
				GCC_WARN_UNUSED_FUNCTION = YES;
				GCC_WARN_UNUSED_VARIABLE = YES;
				IPHONEOS_DEPLOYMENT_TARGET = 7.1;
				ONLY_ACTIVE_ARCH = YES;
				SDKROOT = iphoneos;
				TARGETED_DEVICE_FAMILY = "1,2";
			};
			name = Debug;
		};
		ABB52F1A19232068006B58E0 /* Release */ = {
			isa = XCBuildConfiguration;
			buildSettings = {
				ALWAYS_SEARCH_USER_PATHS = NO;
				CLANG_CXX_LANGUAGE_STANDARD = "gnu++0x";
				CLANG_CXX_LIBRARY = "libc++";
				CLANG_ENABLE_MODULES = YES;
				CLANG_ENABLE_OBJC_ARC = YES;
				CLANG_WARN_BOOL_CONVERSION = YES;
				CLANG_WARN_CONSTANT_CONVERSION = YES;
				CLANG_WARN_DIRECT_OBJC_ISA_USAGE = YES_ERROR;
				CLANG_WARN_EMPTY_BODY = YES;
				CLANG_WARN_ENUM_CONVERSION = YES;
				CLANG_WARN_INT_CONVERSION = YES;
				CLANG_WARN_OBJC_ROOT_CLASS = YES_ERROR;
				CLANG_WARN__DUPLICATE_METHOD_MATCH = YES;
				"CODE_SIGN_IDENTITY[sdk=iphoneos*]" = "iPhone Developer";
				COPY_PHASE_STRIP = YES;
				ENABLE_NS_ASSERTIONS = NO;
				GCC_C_LANGUAGE_STANDARD = gnu99;
				GCC_WARN_64_TO_32_BIT_CONVERSION = YES;
				GCC_WARN_ABOUT_RETURN_TYPE = YES_ERROR;
				GCC_WARN_UNDECLARED_SELECTOR = YES;
				GCC_WARN_UNINITIALIZED_AUTOS = YES_AGGRESSIVE;
				GCC_WARN_UNUSED_FUNCTION = YES;
				GCC_WARN_UNUSED_VARIABLE = YES;
				IPHONEOS_DEPLOYMENT_TARGET = 7.1;
				SDKROOT = iphoneos;
				TARGETED_DEVICE_FAMILY = "1,2";
				VALIDATE_PRODUCT = YES;
			};
			name = Release;
		};
		ABB52F1C19232068006B58E0 /* Debug */ = {
			isa = XCBuildConfiguration;
			buildSettings = {
				ASSETCATALOG_COMPILER_APPICON_NAME = AppIcon;
				ASSETCATALOG_COMPILER_LAUNCHIMAGE_NAME = LaunchImage;
				GCC_PRECOMPILE_PREFIX_HEADER = YES;
				GCC_PREFIX_HEADER = "HelloWorld/HelloWorld-Prefix.pch";
				INFOPLIST_FILE = "HelloWorld/HelloWorld-Info.plist";
				PRODUCT_NAME = "$(TARGET_NAME)";
				WRAPPER_EXTENSION = app;
			};
			name = Debug;
		};
		ABB52F1D19232068006B58E0 /* Release */ = {
			isa = XCBuildConfiguration;
			buildSettings = {
				ASSETCATALOG_COMPILER_APPICON_NAME = AppIcon;
				ASSETCATALOG_COMPILER_LAUNCHIMAGE_NAME = LaunchImage;
				GCC_PRECOMPILE_PREFIX_HEADER = YES;
				GCC_PREFIX_HEADER = "HelloWorld/HelloWorld-Prefix.pch";
				INFOPLIST_FILE = "HelloWorld/HelloWorld-Info.plist";
				PRODUCT_NAME = "$(TARGET_NAME)";
				WRAPPER_EXTENSION = app;
			};
			name = Release;
		};
		ABB52F1F19232068006B58E0 /* Debug */ = {
			isa = XCBuildConfiguration;
			buildSettings = {
				BUNDLE_LOADER = "$(BUILT_PRODUCTS_DIR)/HelloWorld.app/HelloWorld";
				FRAMEWORK_SEARCH_PATHS = (
					"$(SDKROOT)/Developer/Library/Frameworks",
					"$(inherited)",
					"$(DEVELOPER_FRAMEWORKS_DIR)",
				);
				GCC_PRECOMPILE_PREFIX_HEADER = YES;
				GCC_PREFIX_HEADER = "HelloWorld/HelloWorld-Prefix.pch";
				GCC_PREPROCESSOR_DEFINITIONS = (
					"DEBUG=1",
					"$(inherited)",
				);
				INFOPLIST_FILE = "HelloWorldTests/HelloWorldTests-Info.plist";
				PRODUCT_NAME = "$(TARGET_NAME)";
				TEST_HOST = "$(BUNDLE_LOADER)";
				WRAPPER_EXTENSION = xctest;
			};
			name = Debug;
		};
		ABB52F2019232068006B58E0 /* Release */ = {
			isa = XCBuildConfiguration;
			buildSettings = {
				BUNDLE_LOADER = "$(BUILT_PRODUCTS_DIR)/HelloWorld.app/HelloWorld";
				FRAMEWORK_SEARCH_PATHS = (
					"$(SDKROOT)/Developer/Library/Frameworks",
					"$(inherited)",
					"$(DEVELOPER_FRAMEWORKS_DIR)",
				);
				GCC_PRECOMPILE_PREFIX_HEADER = YES;
				GCC_PREFIX_HEADER = "HelloWorld/HelloWorld-Prefix.pch";
				INFOPLIST_FILE = "HelloWorldTests/HelloWorldTests-Info.plist";
				PRODUCT_NAME = "$(TARGET_NAME)";
				TEST_HOST = "$(BUNDLE_LOADER)";
				WRAPPER_EXTENSION = xctest;
			};
			name = Release;
		};
/* End XCBuildConfiguration section */

/* Begin XCConfigurationList section */
		ABB52EEA19232068006B58E0 /* Build configuration list for PBXProject "HelloWorld" */ = {
			isa = XCConfigurationList;
			buildConfigurations = (
				ABB52F1919232068006B58E0 /* Debug */,
				ABB52F1A19232068006B58E0 /* Release */,
			);
			defaultConfigurationIsVisible = 0;
			defaultConfigurationName = Release;
		};
		ABB52F1B19232068006B58E0 /* Build configuration list for PBXNativeTarget "HelloWorld" */ = {
			isa = XCConfigurationList;
			buildConfigurations = (
				ABB52F1C19232068006B58E0 /* Debug */,
				ABB52F1D19232068006B58E0 /* Release */,
			);
			defaultConfigurationIsVisible = 0;
		};
		ABB52F1E19232068006B58E0 /* Build configuration list for PBXNativeTarget "HelloWorldTests" */ = {
			isa = XCConfigurationList;
			buildConfigurations = (
				ABB52F1F19232068006B58E0 /* Debug */,
				ABB52F2019232068006B58E0 /* Release */,
			);
			defaultConfigurationIsVisible = 0;
		};
/* End XCConfigurationList section */
	};
	rootObject = ABB52EE719232068006B58E0 /* Project object */;
}
