// !$*UTF8*$!
{
	archiveVersion = 1;
	classes = {
	};
	objectVersion = 46;
	objects = {

/* Begin PBXBuildFile section */
		AB706E4819C2C9A000EAB871 /* AppDelegate.swift in Sources */ = {isa = PBXBuildFile; fileRef = AB706E4719C2C9A000EAB871 /* AppDelegate.swift */; };
		AB706E4A19C2C9A000EAB871 /* ViewController.swift in Sources */ = {isa = PBXBuildFile; fileRef = AB706E4919C2C9A000EAB871 /* ViewController.swift */; };
		AB706E4D19C2C9A000EAB871 /* Main.storyboard in Resources */ = {isa = PBXBuildFile; fileRef = AB706E4B19C2C9A000EAB871 /* Main.storyboard */; };
		AB706E4F19C2C9A000EAB871 /* Images.xcassets in Resources */ = {isa = PBXBuildFile; fileRef = AB706E4E19C2C9A000EAB871 /* Images.xcassets */; };
		AB706E5B19C2C9A000EAB871 /* HelloWorldTests.swift in Sources */ = {isa = PBXBuildFile; fileRef = AB706E5A19C2C9A000EAB871 /* HelloWorldTests.swift */; };
/* End PBXBuildFile section */

/* Begin PBXContainerItemProxy section */
		AB706E5519C2C9A000EAB871 /* PBXContainerItemProxy */ = {
			isa = PBXContainerItemProxy;
			containerPortal = AB706E3A19C2C9A000EAB871 /* Project object */;
			proxyType = 1;
			remoteGlobalIDString = AB706E4119C2C9A000EAB871;
			remoteInfo = HelloWorld;
		};
/* End PBXContainerItemProxy section */

/* Begin PBXFileReference section */
		AB706E4219C2C9A000EAB871 /* HelloWorld.app */ = {isa = PBXFileReference; explicitFileType = wrapper.application; includeInIndex = 0; path = HelloWorld.app; sourceTree = BUILT_PRODUCTS_DIR; };
		AB706E4619C2C9A000EAB871 /* Info.plist */ = {isa = PBXFileReference; lastKnownFileType = text.plist.xml; path = Info.plist; sourceTree = "<group>"; };
		AB706E4719C2C9A000EAB871 /* AppDelegate.swift */ = {isa = PBXFileReference; lastKnownFileType = sourcecode.swift; path = AppDelegate.swift; sourceTree = "<group>"; };
		AB706E4919C2C9A000EAB871 /* ViewController.swift */ = {isa = PBXFileReference; lastKnownFileType = sourcecode.swift; path = ViewController.swift; sourceTree = "<group>"; };
		AB706E4C19C2C9A000EAB871 /* Base */ = {isa = PBXFileReference; lastKnownFileType = file.storyboard; name = Base; path = Base.lproj/Main.storyboard; sourceTree = "<group>"; };
		AB706E4E19C2C9A000EAB871 /* Images.xcassets */ = {isa = PBXFileReference; lastKnownFileType = folder.assetcatalog; path = Images.xcassets; sourceTree = "<group>"; };
		AB706E5419C2C9A000EAB871 /* HelloWorldTests.xctest */ = {isa = PBXFileReference; explicitFileType = wrapper.cfbundle; includeInIndex = 0; path = HelloWorldTests.xctest; sourceTree = BUILT_PRODUCTS_DIR; };
		AB706E5919C2C9A000EAB871 /* Info.plist */ = {isa = PBXFileReference; lastKnownFileType = text.plist.xml; path = Info.plist; sourceTree = "<group>"; };
		AB706E5A19C2C9A000EAB871 /* HelloWorldTests.swift */ = {isa = PBXFileReference; lastKnownFileType = sourcecode.swift; path = HelloWorldTests.swift; sourceTree = "<group>"; };
/* End PBXFileReference section */

/* Begin PBXFrameworksBuildPhase section */
		AB706E3F19C2C9A000EAB871 /* Frameworks */ = {
			isa = PBXFrameworksBuildPhase;
			buildActionMask = 2147483647;
			files = (
			);
			runOnlyForDeploymentPostprocessing = 0;
		};
		AB706E5119C2C9A000EAB871 /* Frameworks */ = {
			isa = PBXFrameworksBuildPhase;
			buildActionMask = 2147483647;
			files = (
			);
			runOnlyForDeploymentPostprocessing = 0;
		};
/* End PBXFrameworksBuildPhase section */

/* Begin PBXGroup section */
		AB706E3919C2C9A000EAB871 = {
			isa = PBXGroup;
			children = (
				AB706E4419C2C9A000EAB871 /* HelloWorld */,
				AB706E5719C2C9A000EAB871 /* HelloWorldTests */,
				AB706E4319C2C9A000EAB871 /* Products */,
			);
			sourceTree = "<group>";
		};
		AB706E4319C2C9A000EAB871 /* Products */ = {
			isa = PBXGroup;
			children = (
				AB706E4219C2C9A000EAB871 /* HelloWorld.app */,
				AB706E5419C2C9A000EAB871 /* HelloWorldTests.xctest */,
			);
			name = Products;
			sourceTree = "<group>";
		};
		AB706E4419C2C9A000EAB871 /* HelloWorld */ = {
			isa = PBXGroup;
			children = (
				AB706E4719C2C9A000EAB871 /* AppDelegate.swift */,
				AB706E4919C2C9A000EAB871 /* ViewController.swift */,
				AB706E4B19C2C9A000EAB871 /* Main.storyboard */,
				AB706E4E19C2C9A000EAB871 /* Images.xcassets */,
				AB706E4519C2C9A000EAB871 /* Supporting Files */,
			);
			path = HelloWorld;
			sourceTree = "<group>";
		};
		AB706E4519C2C9A000EAB871 /* Supporting Files */ = {
			isa = PBXGroup;
			children = (
				AB706E4619C2C9A000EAB871 /* Info.plist */,
			);
			name = "Supporting Files";
			sourceTree = "<group>";
		};
		AB706E5719C2C9A000EAB871 /* HelloWorldTests */ = {
			isa = PBXGroup;
			children = (
				AB706E5A19C2C9A000EAB871 /* HelloWorldTests.swift */,
				AB706E5819C2C9A000EAB871 /* Supporting Files */,
			);
			path = HelloWorldTests;
			sourceTree = "<group>";
		};
		AB706E5819C2C9A000EAB871 /* Supporting Files */ = {
			isa = PBXGroup;
			children = (
				AB706E5919C2C9A000EAB871 /* Info.plist */,
			);
			name = "Supporting Files";
			sourceTree = "<group>";
		};
/* End PBXGroup section */

/* Begin PBXNativeTarget section */
		AB706E4119C2C9A000EAB871 /* HelloWorld */ = {
			isa = PBXNativeTarget;
			buildConfigurationList = AB706E5E19C2C9A000EAB871 /* Build configuration list for PBXNativeTarget "HelloWorld" */;
			buildPhases = (
				AB706E3E19C2C9A000EAB871 /* Sources */,
				AB706E3F19C2C9A000EAB871 /* Frameworks */,
				AB706E4019C2C9A000EAB871 /* Resources */,
			);
			buildRules = (
			);
			dependencies = (
			);
			name = HelloWorld;
			productName = HelloWorld;
			productReference = AB706E4219C2C9A000EAB871 /* HelloWorld.app */;
			productType = "com.apple.product-type.application";
		};
		AB706E5319C2C9A000EAB871 /* HelloWorldTests */ = {
			isa = PBXNativeTarget;
			buildConfigurationList = AB706E6119C2C9A000EAB871 /* Build configuration list for PBXNativeTarget "HelloWorldTests" */;
			buildPhases = (
				AB706E5019C2C9A000EAB871 /* Sources */,
				AB706E5119C2C9A000EAB871 /* Frameworks */,
				AB706E5219C2C9A000EAB871 /* Resources */,
			);
			buildRules = (
			);
			dependencies = (
				AB706E5619C2C9A000EAB871 /* PBXTargetDependency */,
			);
			name = HelloWorldTests;
			productName = HelloWorldTests;
			productReference = AB706E5419C2C9A000EAB871 /* HelloWorldTests.xctest */;
			productType = "com.apple.product-type.bundle.unit-test";
		};
/* End PBXNativeTarget section */

/* Begin PBXProject section */
		AB706E3A19C2C9A000EAB871 /* Project object */ = {
			isa = PBXProject;
			attributes = {
				LastUpgradeCheck = 0600;
				ORGANIZATIONNAME = "Rukmal Weerawarana";
				TargetAttributes = {
					AB706E4119C2C9A000EAB871 = {
						CreatedOnToolsVersion = 6.0;
					};
					AB706E5319C2C9A000EAB871 = {
						CreatedOnToolsVersion = 6.0;
						TestTargetID = AB706E4119C2C9A000EAB871;
					};
				};
			};
			buildConfigurationList = AB706E3D19C2C9A000EAB871 /* Build configuration list for PBXProject "HelloWorld" */;
			compatibilityVersion = "Xcode 3.2";
			developmentRegion = English;
			hasScannedForEncodings = 0;
			knownRegions = (
				en,
				Base,
			);
			mainGroup = AB706E3919C2C9A000EAB871;
			productRefGroup = AB706E4319C2C9A000EAB871 /* Products */;
			projectDirPath = "";
			projectRoot = "";
			targets = (
				AB706E4119C2C9A000EAB871 /* HelloWorld */,
				AB706E5319C2C9A000EAB871 /* HelloWorldTests */,
			);
		};
/* End PBXProject section */

/* Begin PBXResourcesBuildPhase section */
		AB706E4019C2C9A000EAB871 /* Resources */ = {
			isa = PBXResourcesBuildPhase;
			buildActionMask = 2147483647;
			files = (
				AB706E4D19C2C9A000EAB871 /* Main.storyboard in Resources */,
				AB706E4F19C2C9A000EAB871 /* Images.xcassets in Resources */,
			);
			runOnlyForDeploymentPostprocessing = 0;
		};
		AB706E5219C2C9A000EAB871 /* Resources */ = {
			isa = PBXResourcesBuildPhase;
			buildActionMask = 2147483647;
			files = (
			);
			runOnlyForDeploymentPostprocessing = 0;
		};
/* End PBXResourcesBuildPhase section */

/* Begin PBXSourcesBuildPhase section */
		AB706E3E19C2C9A000EAB871 /* Sources */ = {
			isa = PBXSourcesBuildPhase;
			buildActionMask = 2147483647;
			files = (
				AB706E4A19C2C9A000EAB871 /* ViewController.swift in Sources */,
				AB706E4819C2C9A000EAB871 /* AppDelegate.swift in Sources */,
			);
			runOnlyForDeploymentPostprocessing = 0;
		};
		AB706E5019C2C9A000EAB871 /* Sources */ = {
			isa = PBXSourcesBuildPhase;
			buildActionMask = 2147483647;
			files = (
				AB706E5B19C2C9A000EAB871 /* HelloWorldTests.swift in Sources */,
			);
			runOnlyForDeploymentPostprocessing = 0;
		};
/* End PBXSourcesBuildPhase section */

/* Begin PBXTargetDependency section */
		AB706E5619C2C9A000EAB871 /* PBXTargetDependency */ = {
			isa = PBXTargetDependency;
			target = AB706E4119C2C9A000EAB871 /* HelloWorld */;
			targetProxy = AB706E5519C2C9A000EAB871 /* PBXContainerItemProxy */;
		};
/* End PBXTargetDependency section */

/* Begin PBXVariantGroup section */
		AB706E4B19C2C9A000EAB871 /* Main.storyboard */ = {
			isa = PBXVariantGroup;
			children = (
				AB706E4C19C2C9A000EAB871 /* Base */,
			);
			name = Main.storyboard;
			sourceTree = "<group>";
		};
/* End PBXVariantGroup section */

/* Begin XCBuildConfiguration section */
		AB706E5C19C2C9A000EAB871 /* Debug */ = {
			isa = XCBuildConfiguration;
			buildSettings = {
				ALWAYS_SEARCH_USER_PATHS = NO;
				CLANG_CXX_LANGUAGE_STANDARD = "gnu++0x";
				CLANG_CXX_LIBRARY = "libc++";
				CLANG_ENABLE_MODULES = YES;
				CLANG_ENABLE_OBJC_ARC = YES;
				CLANG_WARN_BOOL_CONVERSION = YES;
				CLANG_WARN_CONSTANT_CONVERSION = YES;
				CLANG_WARN_DIRECT_OBJC_ISA_USAGE = YES_ERROR;
				CLANG_WARN_EMPTY_BODY = YES;
				CLANG_WARN_ENUM_CONVERSION = YES;
				CLANG_WARN_INT_CONVERSION = YES;
				CLANG_WARN_OBJC_ROOT_CLASS = YES_ERROR;
				CLANG_WARN_UNREACHABLE_CODE = YES;
				CLANG_WARN__DUPLICATE_METHOD_MATCH = YES;
				"CODE_SIGN_IDENTITY[sdk=iphoneos*]" = "iPhone Developer";
				COPY_PHASE_STRIP = NO;
				ENABLE_STRICT_OBJC_MSGSEND = YES;
				GCC_C_LANGUAGE_STANDARD = gnu99;
				GCC_DYNAMIC_NO_PIC = NO;
				GCC_OPTIMIZATION_LEVEL = 0;
				GCC_PREPROCESSOR_DEFINITIONS = (
					"DEBUG=1",
					"$(inherited)",
				);
				GCC_SYMBOLS_PRIVATE_EXTERN = NO;
				GCC_WARN_64_TO_32_BIT_CONVERSION = YES;
				GCC_WARN_ABOUT_RETURN_TYPE = YES_ERROR;
				GCC_WARN_UNDECLARED_SELECTOR = YES;
				GCC_WARN_UNINITIALIZED_AUTOS = YES_AGGRESSIVE;
				GCC_WARN_UNUSED_FUNCTION = YES;
				GCC_WARN_UNUSED_VARIABLE = YES;
				IPHONEOS_DEPLOYMENT_TARGET = 8.0;
				MTL_ENABLE_DEBUG_INFO = YES;
				ONLY_ACTIVE_ARCH = YES;
				SDKROOT = iphoneos;
				SWIFT_OPTIMIZATION_LEVEL = "-Onone";
			};
			name = Debug;
		};
		AB706E5D19C2C9A000EAB871 /* Release */ = {
			isa = XCBuildConfiguration;
			buildSettings = {
				ALWAYS_SEARCH_USER_PATHS = NO;
				CLANG_CXX_LANGUAGE_STANDARD = "gnu++0x";
				CLANG_CXX_LIBRARY = "libc++";
				CLANG_ENABLE_MODULES = YES;
				CLANG_ENABLE_OBJC_ARC = YES;
				CLANG_WARN_BOOL_CONVERSION = YES;
				CLANG_WARN_CONSTANT_CONVERSION = YES;
				CLANG_WARN_DIRECT_OBJC_ISA_USAGE = YES_ERROR;
				CLANG_WARN_EMPTY_BODY = YES;
				CLANG_WARN_ENUM_CONVERSION = YES;
				CLANG_WARN_INT_CONVERSION = YES;
				CLANG_WARN_OBJC_ROOT_CLASS = YES_ERROR;
				CLANG_WARN_UNREACHABLE_CODE = YES;
				CLANG_WARN__DUPLICATE_METHOD_MATCH = YES;
				"CODE_SIGN_IDENTITY[sdk=iphoneos*]" = "iPhone Developer";
				COPY_PHASE_STRIP = YES;
				ENABLE_NS_ASSERTIONS = NO;
				ENABLE_STRICT_OBJC_MSGSEND = YES;
				GCC_C_LANGUAGE_STANDARD = gnu99;
				GCC_WARN_64_TO_32_BIT_CONVERSION = YES;
				GCC_WARN_ABOUT_RETURN_TYPE = YES_ERROR;
				GCC_WARN_UNDECLARED_SELECTOR = YES;
				GCC_WARN_UNINITIALIZED_AUTOS = YES_AGGRESSIVE;
				GCC_WARN_UNUSED_FUNCTION = YES;
				GCC_WARN_UNUSED_VARIABLE = YES;
				IPHONEOS_DEPLOYMENT_TARGET = 8.0;
				MTL_ENABLE_DEBUG_INFO = NO;
				SDKROOT = iphoneos;
				VALIDATE_PRODUCT = YES;
			};
			name = Release;
		};
		AB706E5F19C2C9A000EAB871 /* Debug */ = {
			isa = XCBuildConfiguration;
			buildSettings = {
				ASSETCATALOG_COMPILER_APPICON_NAME = AppIcon;
				ASSETCATALOG_COMPILER_LAUNCHIMAGE_NAME = LaunchImage;
				INFOPLIST_FILE = HelloWorld/Info.plist;
				LD_RUNPATH_SEARCH_PATHS = "$(inherited) @executable_path/Frameworks";
				PRODUCT_NAME = "$(TARGET_NAME)";
			};
			name = Debug;
		};
		AB706E6019C2C9A000EAB871 /* Release */ = {
			isa = XCBuildConfiguration;
			buildSettings = {
				ASSETCATALOG_COMPILER_APPICON_NAME = AppIcon;
				ASSETCATALOG_COMPILER_LAUNCHIMAGE_NAME = LaunchImage;
				INFOPLIST_FILE = HelloWorld/Info.plist;
				LD_RUNPATH_SEARCH_PATHS = "$(inherited) @executable_path/Frameworks";
				PRODUCT_NAME = "$(TARGET_NAME)";
			};
			name = Release;
		};
		AB706E6219C2C9A000EAB871 /* Debug */ = {
			isa = XCBuildConfiguration;
			buildSettings = {
				BUNDLE_LOADER = "$(TEST_HOST)";
				FRAMEWORK_SEARCH_PATHS = (
					"$(SDKROOT)/Developer/Library/Frameworks",
					"$(inherited)",
				);
				GCC_PREPROCESSOR_DEFINITIONS = (
					"DEBUG=1",
					"$(inherited)",
				);
				INFOPLIST_FILE = HelloWorldTests/Info.plist;
				LD_RUNPATH_SEARCH_PATHS = "$(inherited) @executable_path/Frameworks @loader_path/Frameworks";
				PRODUCT_NAME = "$(TARGET_NAME)";
				TEST_HOST = "$(BUILT_PRODUCTS_DIR)/HelloWorld.app/HelloWorld";
			};
			name = Debug;
		};
		AB706E6319C2C9A000EAB871 /* Release */ = {
			isa = XCBuildConfiguration;
			buildSettings = {
				BUNDLE_LOADER = "$(TEST_HOST)";
				FRAMEWORK_SEARCH_PATHS = (
					"$(SDKROOT)/Developer/Library/Frameworks",
					"$(inherited)",
				);
				INFOPLIST_FILE = HelloWorldTests/Info.plist;
				LD_RUNPATH_SEARCH_PATHS = "$(inherited) @executable_path/Frameworks @loader_path/Frameworks";
				PRODUCT_NAME = "$(TARGET_NAME)";
				TEST_HOST = "$(BUILT_PRODUCTS_DIR)/HelloWorld.app/HelloWorld";
			};
			name = Release;
		};
/* End XCBuildConfiguration section */

/* Begin XCConfigurationList section */
		AB706E3D19C2C9A000EAB871 /* Build configuration list for PBXProject "HelloWorld" */ = {
			isa = XCConfigurationList;
			buildConfigurations = (
				AB706E5C19C2C9A000EAB871 /* Debug */,
				AB706E5D19C2C9A000EAB871 /* Release */,
			);
			defaultConfigurationIsVisible = 0;
			defaultConfigurationName = Release;
		};
		AB706E5E19C2C9A000EAB871 /* Build configuration list for PBXNativeTarget "HelloWorld" */ = {
			isa = XCConfigurationList;
			buildConfigurations = (
				AB706E5F19C2C9A000EAB871 /* Debug */,
				AB706E6019C2C9A000EAB871 /* Release */,
			);
			defaultConfigurationIsVisible = 0;
		};
		AB706E6119C2C9A000EAB871 /* Build configuration list for PBXNativeTarget "HelloWorldTests" */ = {
			isa = XCConfigurationList;
			buildConfigurations = (
				AB706E6219C2C9A000EAB871 /* Debug */,
				AB706E6319C2C9A000EAB871 /* Release */,
			);
			defaultConfigurationIsVisible = 0;
		};
/* End XCConfigurationList section */
	};
	rootObject = AB706E3A19C2C9A000EAB871 /* Project object */;
}
